
Microsoft Visual Studio Solution File, Format Version 12.00
# Visual Studio Version 17
VisualStudioVersion = 17.14.36310.24 d17.14
MinimumVisualStudioVersion = 10.0.40219.1
Project("{FAE04EC0-301F-11D3-BF4B-00C04F79EFBC}") = "SimpleCalculator", "SimpleCalculator.csproj", "{BB6A77E9-D80B-40C5-A761-7E806C4CF660}"
EndProject
Global
	GlobalSection(SolutionConfigurationPlatforms) = preSolution
		Debug|Any CPU = Debug|Any CPU
		Release|Any CPU = Release|Any CPU
	EndGlobalSection
	GlobalSection(ProjectConfigurationPlatforms) = postSolution
		{BB6A77E9-D80B-40C5-A761-7E806C4CF660}.Debug|Any CPU.ActiveCfg = Debug|Any CPU
		{BB6A77E9-D80B-40C5-A761-7E806C4CF660}.Debug|Any CPU.Build.0 = Debug|Any CPU
		{BB6A77E9-D80B-40C5-A761-7E806C4CF660}.Release|Any CPU.ActiveCfg = Release|Any CPU
		{BB6A77E9-D80B-40C5-A761-7E806C4CF660}.Release|Any CPU.Build.0 = Release|Any CPU
	EndGlobalSection
	GlobalSection(SolutionProperties) = preSolution
		HideSolutionNode = FALSE
	EndGlobalSection
	GlobalSection(ExtensibilityGlobals) = postSolution
		SolutionGuid = {1A9A91F4-A3EA-470A-93DA-C9354154DA81}
	EndGlobalSection
EndGlobal
